{
  "name": "http-fields-signatures",
  "version": "0.1.0",
  "lockfileVersion": 3,
  "requires": true,
  "packages": {
    "": {
      "name": "http-fields-signatures",
      "version": "0.1.0",
      "license": "MIT",
      "dependencies": {
        "http-fields": "^0.1.0"
      },
      "engines": {
        "node": ">=20.0.0"
      }
    },
    "node_modules/http-fields": {
      "version": "0.1.0",
      "resolved": "https://registry.npmjs.org/http-fields/-/http-fields-0.1.0.tgz",
      "integrity": "sha512-kGuO8BkUIOydC/kb5F4RvMtWM2SNZCVuk3xR8PRTBwI3y6NZqXWKJq2eL61ZT4FAc+OIQ6o9h1fDLV+E1P/jvw==",
      "license": "MIT",
      "engines": {
        "node": ">=16.0.0"
      }
    }
  }
}
